// !$*UTF8*$!
{
	archiveVersion = 1;
	classes = {
	};
	objectVersion = 56;
	objects = {

/* Begin PBXBuildFile section */
		A1000001 /* SushiGoApp.swift in Sources */ = {isa = PBXBuildFile; fileRef = A2000001 /* SushiGoApp.swift */; };
		A1000002 /* ContentView.swift in Sources */ = {isa = PBXBuildFile; fileRef = A2000002 /* ContentView.swift */; };
		A1000003 /* CardType.swift in Sources */ = {isa = PBXBuildFile; fileRef = A2000003 /* CardType.swift */; };
		A1000004 /* GameState.swift in Sources */ = {isa = PBXBuildFile; fileRef = A2000004 /* GameState.swift */; };
		A1000005 /* Player.swift in Sources */ = {isa = PBXBuildFile; fileRef = A2000005 /* Player.swift */; };
		A1000006 /* ScoringEngine.swift in Sources */ = {isa = PBXBuildFile; fileRef = A2000006 /* ScoringEngine.swift */; };
		A1000007 /* GameViewModel.swift in Sources */ = {isa = PBXBuildFile; fileRef = A2000007 /* GameViewModel.swift */; };
		A1000008 /* Theme.swift in Sources */ = {isa = PBXBuildFile; fileRef = A2000008 /* Theme.swift */; };
		A1000009 /* PlayerSetupView.swift in Sources */ = {isa = PBXBuildFile; fileRef = A2000009 /* PlayerSetupView.swift */; };
		A1000010 /* GameView.swift in Sources */ = {isa = PBXBuildFile; fileRef = A2000010 /* GameView.swift */; };
		A1000011 /* CardEntryView.swift in Sources */ = {isa = PBXBuildFile; fileRef = A2000011 /* CardEntryView.swift */; };
		A1000012 /* RoundCompleteView.swift in Sources */ = {isa = PBXBuildFile; fileRef = A2000012 /* RoundCompleteView.swift */; };
		A1000013 /* ResultsView.swift in Sources */ = {isa = PBXBuildFile; fileRef = A2000013 /* ResultsView.swift */; };
		A1000014 /* Assets.xcassets in Resources */ = {isa = PBXBuildFile; fileRef = A2000014 /* Assets.xcassets */; };
/* End PBXBuildFile section */

/* Begin PBXFileReference section */
		A0000001 /* SushiGo.app */ = {isa = PBXFileReference; explicitFileType = wrapper.application; includeInIndex = 0; path = SushiGo.app; sourceTree = BUILT_PRODUCTS_DIR; };
		A2000001 /* SushiGoApp.swift */ = {isa = PBXFileReference; lastKnownFileType = sourcecode.swift; path = SushiGoApp.swift; sourceTree = "<group>"; };
		A2000002 /* ContentView.swift */ = {isa = PBXFileReference; lastKnownFileType = sourcecode.swift; path = ContentView.swift; sourceTree = "<group>"; };
		A2000003 /* CardType.swift */ = {isa = PBXFileReference; lastKnownFileType = sourcecode.swift; path = CardType.swift; sourceTree = "<group>"; };
		A2000004 /* GameState.swift */ = {isa = PBXFileReference; lastKnownFileType = sourcecode.swift; path = GameState.swift; sourceTree = "<group>"; };
		A2000005 /* Player.swift */ = {isa = PBXFileReference; lastKnownFileType = sourcecode.swift; path = Player.swift; sourceTree = "<group>"; };
		A2000006 /* ScoringEngine.swift */ = {isa = PBXFileReference; lastKnownFileType = sourcecode.swift; path = ScoringEngine.swift; sourceTree = "<group>"; };
		A2000007 /* GameViewModel.swift */ = {isa = PBXFileReference; lastKnownFileType = sourcecode.swift; path = GameViewModel.swift; sourceTree = "<group>"; };
		A2000008 /* Theme.swift */ = {isa = PBXFileReference; lastKnownFileType = sourcecode.swift; path = Theme.swift; sourceTree = "<group>"; };
		A2000009 /* PlayerSetupView.swift */ = {isa = PBXFileReference; lastKnownFileType = sourcecode.swift; path = PlayerSetupView.swift; sourceTree = "<group>"; };
		A2000010 /* GameView.swift */ = {isa = PBXFileReference; lastKnownFileType = sourcecode.swift; path = GameView.swift; sourceTree = "<group>"; };
		A2000011 /* CardEntryView.swift */ = {isa = PBXFileReference; lastKnownFileType = sourcecode.swift; path = CardEntryView.swift; sourceTree = "<group>"; };
		A2000012 /* RoundCompleteView.swift */ = {isa = PBXFileReference; lastKnownFileType = sourcecode.swift; path = RoundCompleteView.swift; sourceTree = "<group>"; };
		A2000013 /* ResultsView.swift */ = {isa = PBXFileReference; lastKnownFileType = sourcecode.swift; path = ResultsView.swift; sourceTree = "<group>"; };
		A2000014 /* Assets.xcassets */ = {isa = PBXFileReference; lastKnownFileType = folder.assetcatalog; path = Assets.xcassets; sourceTree = "<group>"; };
		A2000015 /* Info.plist */ = {isa = PBXFileReference; lastKnownFileType = text.plist.xml; path = Info.plist; sourceTree = "<group>"; };
/* End PBXFileReference section */

/* Begin PBXFrameworksBuildPhase section */
		A0F00001 /* Frameworks */ = {
			isa = PBXFrameworksBuildPhase;
			buildActionMask = 2147483647;
			files = (
			);
			runOnlyForDeploymentPostprocessing = 0;
		};
/* End PBXFrameworksBuildPhase section */

/* Begin PBXGroup section */
		A0300001 = {
			isa = PBXGroup;
			children = (
				A0300002 /* SushiGo */,
				A0300010 /* Products */,
			);
			sourceTree = "<group>";
		};
		A0300002 /* SushiGo */ = {
			isa = PBXGroup;
			children = (
				A2000001 /* SushiGoApp.swift */,
				A0300003 /* Models */,
				A0300005 /* Services */,
				A0300006 /* ViewModels */,
				A0300007 /* Views */,
				A0300008 /* Utilities */,
				A2000014 /* Assets.xcassets */,
				A2000015 /* Info.plist */,
			);
			path = SushiGo;
			sourceTree = "<group>";
		};
		A0300003 /* Models */ = {
			isa = PBXGroup;
			children = (
				A2000003 /* CardType.swift */,
				A2000004 /* GameState.swift */,
				A2000005 /* Player.swift */,
			);
			path = Models;
			sourceTree = "<group>";
		};
		A0300005 /* Services */ = {
			isa = PBXGroup;
			children = (
				A2000006 /* ScoringEngine.swift */,
			);
			path = Services;
			sourceTree = "<group>";
		};
		A0300006 /* ViewModels */ = {
			isa = PBXGroup;
			children = (
				A2000007 /* GameViewModel.swift */,
			);
			path = ViewModels;
			sourceTree = "<group>";
		};
		A0300007 /* Views */ = {
			isa = PBXGroup;
			children = (
				A2000002 /* ContentView.swift */,
				A2000009 /* PlayerSetupView.swift */,
				A2000010 /* GameView.swift */,
				A2000011 /* CardEntryView.swift */,
				A2000012 /* RoundCompleteView.swift */,
				A2000013 /* ResultsView.swift */,
			);
			path = Views;
			sourceTree = "<group>";
		};
		A0300008 /* Utilities */ = {
			isa = PBXGroup;
			children = (
				A2000008 /* Theme.swift */,
			);
			path = Utilities;
			sourceTree = "<group>";
		};
		A0300010 /* Products */ = {
			isa = PBXGroup;
			children = (
				A0000001 /* SushiGo.app */,
			);
			name = Products;
			sourceTree = "<group>";
		};
/* End PBXGroup section */

/* Begin PBXNativeTarget section */
		A0D00001 /* SushiGo */ = {
			isa = PBXNativeTarget;
			buildConfigurationList = A0C00003 /* Build configuration list for PBXNativeTarget "SushiGo" */;
			buildPhases = (
				A0E00001 /* Sources */,
				A0F00001 /* Frameworks */,
				A0E00002 /* Resources */,
			);
			buildRules = (
			);
			dependencies = (
			);
			name = SushiGo;
			productName = SushiGo;
			productReference = A0000001 /* SushiGo.app */;
			productType = "com.apple.product-type.application";
		};
/* End PBXNativeTarget section */

/* Begin PBXProject section */
		A0B00001 /* Project object */ = {
			isa = PBXProject;
			attributes = {
				BuildIndependentTargetsInParallel = 1;
				LastSwiftUpdateCheck = 1500;
				LastUpgradeCheck = 1500;
			};
			buildConfigurationList = A0C00001 /* Build configuration list for PBXProject "SushiGo" */;
			compatibilityVersion = "Xcode 14.0";
			developmentRegion = en;
			hasScannedForEncodings = 0;
			knownRegions = (
				en,
				Base,
			);
			mainGroup = A0300001;
			productRefGroup = A0300010 /* Products */;
			projectDirPath = "";
			projectRoot = "";
			targets = (
				A0D00001 /* SushiGo */,
			);
		};
/* End PBXProject section */

/* Begin PBXResourcesBuildPhase section */
		A0E00002 /* Resources */ = {
			isa = PBXResourcesBuildPhase;
			buildActionMask = 2147483647;
			files = (
				A1000014 /* Assets.xcassets in Resources */,
			);
			runOnlyForDeploymentPostprocessing = 0;
		};
/* End PBXResourcesBuildPhase section */

/* Begin PBXSourcesBuildPhase section */
		A0E00001 /* Sources */ = {
			isa = PBXSourcesBuildPhase;
			buildActionMask = 2147483647;
			files = (
				A1000001 /* SushiGoApp.swift in Sources */,
				A1000002 /* ContentView.swift in Sources */,
				A1000003 /* CardType.swift in Sources */,
				A1000004 /* GameState.swift in Sources */,
				A1000005 /* Player.swift in Sources */,
				A1000006 /* ScoringEngine.swift in Sources */,
				A1000007 /* GameViewModel.swift in Sources */,
				A1000008 /* Theme.swift in Sources */,
				A1000009 /* PlayerSetupView.swift in Sources */,
				A1000010 /* GameView.swift in Sources */,
				A1000011 /* CardEntryView.swift in Sources */,
				A1000012 /* RoundCompleteView.swift in Sources */,
				A1000013 /* ResultsView.swift in Sources */,
			);
			runOnlyForDeploymentPostprocessing = 0;
		};
/* End PBXSourcesBuildPhase section */

/* Begin XCBuildConfiguration section */
		A0C00004 /* Debug */ = {
			isa = XCBuildConfiguration;
			buildSettings = {
				ALWAYS_SEARCH_USER_PATHS = NO;
				ASSETCATALOG_COMPILER_GENERATE_SWIFT_ASSET_SYMBOL_EXTENSIONS = YES;
				CLANG_ANALYZER_NONNULL = YES;
				CLANG_ENABLE_MODULES = YES;
				CLANG_ENABLE_OBJC_ARC = YES;
				COPY_PHASE_STRIP = NO;
				DEBUG_INFORMATION_FORMAT = dwarf;
				ENABLE_STRICT_OBJC_MSGSEND = YES;
				ENABLE_TESTABILITY = YES;
				GCC_OPTIMIZATION_LEVEL = 0;
				IPHONEOS_DEPLOYMENT_TARGET = 15.0;
				MTL_ENABLE_DEBUG_INFO = INCLUDE_SOURCE;
				MTL_FAST_MATH = YES;
				ONLY_ACTIVE_ARCH = YES;
				SDKROOT = iphoneos;
				SWIFT_ACTIVE_COMPILATION_CONDITIONS = DEBUG;
				SWIFT_OPTIMIZATION_LEVEL = "-Onone";
			};
			name = Debug;
		};
		A0C00005 /* Release */ = {
			isa = XCBuildConfiguration;
			buildSettings = {
				ALWAYS_SEARCH_USER_PATHS = NO;
				ASSETCATALOG_COMPILER_GENERATE_SWIFT_ASSET_SYMBOL_EXTENSIONS = YES;
				CLANG_ANALYZER_NONNULL = YES;
				CLANG_ENABLE_MODULES = YES;
				CLANG_ENABLE_OBJC_ARC = YES;
				COPY_PHASE_STRIP = NO;
				DEBUG_INFORMATION_FORMAT = "dwarf-with-dsym";
				ENABLE_NS_ASSERTIONS = NO;
				ENABLE_STRICT_OBJC_MSGSEND = YES;
				GCC_OPTIMIZATION_LEVEL = s;
				IPHONEOS_DEPLOYMENT_TARGET = 15.0;
				MTL_ENABLE_DEBUG_INFO = NO;
				MTL_FAST_MATH = YES;
				SDKROOT = iphoneos;
				SWIFT_COMPILATION_MODE = wholemodule;
				VALIDATE_PRODUCT = YES;
			};
			name = Release;
		};
		A0C00006 /* Debug */ = {
			isa = XCBuildConfiguration;
			buildSettings = {
				ASSETCATALOG_COMPILER_APPICON_NAME = AppIcon;
				ASSETCATALOG_COMPILER_GLOBAL_ACCENT_COLOR_NAME = AccentColor;
				CODE_SIGN_STYLE = Automatic;
				CURRENT_PROJECT_VERSION = 1;
				DEVELOPMENT_ASSET_PATHS = "";
				DEVELOPMENT_TEAM = YTY564XJWX;
				ENABLE_PREVIEWS = YES;
				GENERATE_INFOPLIST_FILE = YES;
				INFOPLIST_FILE = SushiGo/Info.plist;
				INFOPLIST_KEY_UIApplicationSupportsIndirectInputEvents = YES;
				INFOPLIST_KEY_UIRequiresFullScreen = YES;
				INFOPLIST_KEY_UISupportedInterfaceOrientations = "UIInterfaceOrientationPortrait UIInterfaceOrientationLandscapeLeft UIInterfaceOrientationLandscapeRight";
				INFOPLIST_KEY_UISupportedInterfaceOrientations_iPad = "UIInterfaceOrientationPortrait UIInterfaceOrientationPortraitUpsideDown UIInterfaceOrientationLandscapeLeft UIInterfaceOrientationLandscapeRight";
				LD_RUNPATH_SEARCH_PATHS = (
					"$(inherited)",
					"@executable_path/Frameworks",
				);
				MARKETING_VERSION = 1.0;
				PRODUCT_BUNDLE_IDENTIFIER = com.farahsushigoscorer.app;
				PRODUCT_NAME = "$(TARGET_NAME)";
				SWIFT_EMIT_LOC_STRINGS = YES;
				SWIFT_VERSION = 5.0;
				TARGETED_DEVICE_FAMILY = "1,2";
			};
			name = Debug;
		};
		A0C00007 /* Release */ = {
			isa = XCBuildConfiguration;
			buildSettings = {
				ASSETCATALOG_COMPILER_APPICON_NAME = AppIcon;
				ASSETCATALOG_COMPILER_GLOBAL_ACCENT_COLOR_NAME = AccentColor;
				CODE_SIGN_STYLE = Automatic;
				CURRENT_PROJECT_VERSION = 1;
				DEVELOPMENT_ASSET_PATHS = "";
				DEVELOPMENT_TEAM = YTY564XJWX;
				ENABLE_PREVIEWS = YES;
				GENERATE_INFOPLIST_FILE = YES;
				INFOPLIST_FILE = SushiGo/Info.plist;
				INFOPLIST_KEY_UIApplicationSupportsIndirectInputEvents = YES;
				INFOPLIST_KEY_UIRequiresFullScreen = YES;
				INFOPLIST_KEY_UISupportedInterfaceOrientations = "UIInterfaceOrientationPortrait UIInterfaceOrientationLandscapeLeft UIInterfaceOrientationLandscapeRight";
				INFOPLIST_KEY_UISupportedInterfaceOrientations_iPad = "UIInterfaceOrientationPortrait UIInterfaceOrientationPortraitUpsideDown UIInterfaceOrientationLandscapeLeft UIInterfaceOrientationLandscapeRight";
				LD_RUNPATH_SEARCH_PATHS = (
					"$(inherited)",
					"@executable_path/Frameworks",
				);
				MARKETING_VERSION = 1.0;
				PRODUCT_BUNDLE_IDENTIFIER = com.farahsushigoscorer.app;
				PRODUCT_NAME = "$(TARGET_NAME)";
				SWIFT_EMIT_LOC_STRINGS = YES;
				SWIFT_VERSION = 5.0;
				TARGETED_DEVICE_FAMILY = "1,2";
			};
			name = Release;
		};
/* End XCBuildConfiguration section */

/* Begin XCConfigurationList section */
		A0C00001 /* Build configuration list for PBXProject "SushiGo" */ = {
			isa = XCConfigurationList;
			buildConfigurations = (
				A0C00004 /* Debug */,
				A0C00005 /* Release */,
			);
			defaultConfigurationIsVisible = 0;
			defaultConfigurationName = Release;
		};
		A0C00003 /* Build configuration list for PBXNativeTarget "SushiGo" */ = {
			isa = XCConfigurationList;
			buildConfigurations = (
				A0C00006 /* Debug */,
				A0C00007 /* Release */,
			);
			defaultConfigurationIsVisible = 0;
			defaultConfigurationName = Release;
		};
/* End XCConfigurationList section */
	};
	rootObject = A0B00001 /* Project object */;
}
